
Microsoft Visual Studio Solution File, Format Version 12.00
# Visual Studio Version 17
VisualStudioVersion = 17.7.34003.232
MinimumVisualStudioVersion = 10.0.40219.1
Project("{FAE04EC0-301F-11D3-BF4B-00C04F79EFBC}") = "Frontend", "Frontend\Frontend.csproj", "{5643497D-ADF8-4DB4-9922-F29E9FE16EC8}"
EndProject
Global
	GlobalSection(SolutionConfigurationPlatforms) = preSolution
		Debug|Any CPU = Debug|Any CPU
		Release|Any CPU = Release|Any CPU
	EndGlobalSection
	GlobalSection(ProjectConfigurationPlatforms) = postSolution
		{5643497D-ADF8-4DB4-9922-F29E9FE16EC8}.Debug|Any CPU.ActiveCfg = Debug|Any CPU
		{5643497D-ADF8-4DB4-9922-F29E9FE16EC8}.Debug|Any CPU.Build.0 = Debug|Any CPU
		{5643497D-ADF8-4DB4-9922-F29E9FE16EC8}.Release|Any CPU.ActiveCfg = Release|Any CPU
		{5643497D-ADF8-4DB4-9922-F29E9FE16EC8}.Release|Any CPU.Build.0 = Release|Any CPU
	EndGlobalSection
	GlobalSection(SolutionProperties) = preSolution
		HideSolutionNode = FALSE
	EndGlobalSection
	GlobalSection(ExtensibilityGlobals) = postSolution
		SolutionGuid = {231B10F5-C785-4F98-8BC5-3DA91D13BCB0}
	EndGlobalSection
EndGlobal
